
Microsoft Visual Studio Solution File, Format Version 12.00
# Visual Studio Version 17
VisualStudioVersion = 17.13.35806.99 d17.13
MinimumVisualStudioVersion = 10.0.40219.1
Project("{FAE04EC0-301F-11D3-BF4B-00C04F79EFBC}") = "DemoCalculatorLib", "DemoCalculatorLib\DemoCalculatorLib.csproj", "{DA8AC3FB-8F96-4CDD-ABB6-32E57C767D9E}"
EndProject
Global
	GlobalSection(SolutionConfigurationPlatforms) = preSolution
		Debug|Any CPU = Debug|Any CPU
		Release|Any CPU = Release|Any CPU
	EndGlobalSection
	GlobalSection(ProjectConfigurationPlatforms) = postSolution
		{DA8AC3FB-8F96-4CDD-ABB6-32E57C767D9E}.Debug|Any CPU.ActiveCfg = Debug|Any CPU
		{DA8AC3FB-8F96-4CDD-ABB6-32E57C767D9E}.Debug|Any CPU.Build.0 = Debug|Any CPU
		{DA8AC3FB-8F96-4CDD-ABB6-32E57C767D9E}.Release|Any CPU.ActiveCfg = Release|Any CPU
		{DA8AC3FB-8F96-4CDD-ABB6-32E57C767D9E}.Release|Any CPU.Build.0 = Release|Any CPU
	EndGlobalSection
	GlobalSection(SolutionProperties) = preSolution
		HideSolutionNode = FALSE
	EndGlobalSection
	GlobalSection(ExtensibilityGlobals) = postSolution
		SolutionGuid = {A5055D8C-A702-4355-96E5-FBCAB3001F3B}
	EndGlobalSection
EndGlobal
