
Microsoft Visual Studio Solution File, Format Version 12.00
# Visual Studio Version 17
VisualStudioVersion = 17.13.35806.99 d17.13
MinimumVisualStudioVersion = 10.0.40219.1
Project("{FAE04EC0-301F-11D3-BF4B-00C04F79EFBC}") = "CsvReaderCLI", "CsvReaderCLI\CsvReaderCLI.csproj", "{8E7C67FF-11B4-43CC-A4AD-DD4C9E03C999}"
EndProject
Global
	GlobalSection(SolutionConfigurationPlatforms) = preSolution
		Debug|Any CPU = Debug|Any CPU
		Release|Any CPU = Release|Any CPU
	EndGlobalSection
	GlobalSection(ProjectConfigurationPlatforms) = postSolution
		{8E7C67FF-11B4-43CC-A4AD-DD4C9E03C999}.Debug|Any CPU.ActiveCfg = Debug|Any CPU
		{8E7C67FF-11B4-43CC-A4AD-DD4C9E03C999}.Debug|Any CPU.Build.0 = Debug|Any CPU
		{8E7C67FF-11B4-43CC-A4AD-DD4C9E03C999}.Release|Any CPU.ActiveCfg = Release|Any CPU
		{8E7C67FF-11B4-43CC-A4AD-DD4C9E03C999}.Release|Any CPU.Build.0 = Release|Any CPU
	EndGlobalSection
	GlobalSection(SolutionProperties) = preSolution
		HideSolutionNode = FALSE
	EndGlobalSection
	GlobalSection(ExtensibilityGlobals) = postSolution
		SolutionGuid = {2BE5E20D-557C-4C87-9162-5315C0077B58}
	EndGlobalSection
EndGlobal
