
Microsoft Visual Studio Solution File, Format Version 12.00
# Visual Studio Version 17
VisualStudioVersion = 17.13.35806.99 d17.13
MinimumVisualStudioVersion = 10.0.40219.1
Project("{FAE04EC0-301F-11D3-BF4B-00C04F79EFBC}") = "SocketTCPClient", "SocketTCPClient\SocketTCPClient.csproj", "{C1D55679-6412-4962-88E9-A2949485DEA8}"
EndProject
Global
	GlobalSection(SolutionConfigurationPlatforms) = preSolution
		Debug|Any CPU = Debug|Any CPU
		Release|Any CPU = Release|Any CPU
	EndGlobalSection
	GlobalSection(ProjectConfigurationPlatforms) = postSolution
		{C1D55679-6412-4962-88E9-A2949485DEA8}.Debug|Any CPU.ActiveCfg = Debug|Any CPU
		{C1D55679-6412-4962-88E9-A2949485DEA8}.Debug|Any CPU.Build.0 = Debug|Any CPU
		{C1D55679-6412-4962-88E9-A2949485DEA8}.Release|Any CPU.ActiveCfg = Release|Any CPU
		{C1D55679-6412-4962-88E9-A2949485DEA8}.Release|Any CPU.Build.0 = Release|Any CPU
	EndGlobalSection
	GlobalSection(SolutionProperties) = preSolution
		HideSolutionNode = FALSE
	EndGlobalSection
	GlobalSection(ExtensibilityGlobals) = postSolution
		SolutionGuid = {D4F19829-7D73-423D-A83E-E11B193C5B05}
	EndGlobalSection
EndGlobal
